// !$*UTF8*$!
{
	archiveVersion = 1;
	classes = {
	};
	objectVersion = 46;
	objects = {

/* Begin PBXBuildFile section */
		DD0894DE1F17684000247830 /* main.m in Sources */ = {isa = PBXBuildFile; fileRef = DD0894DD1F17684000247830 /* main.m */; };
		DD0894E11F17684000247830 /* AppDelegate.m in Sources */ = {isa = PBXBuildFile; fileRef = DD0894E01F17684000247830 /* AppDelegate.m */; };
		DD0894E41F17684000247830 /* ViewController.m in Sources */ = {isa = PBXBuildFile; fileRef = DD0894E31F17684000247830 /* ViewController.m */; };
		DD0894E71F17684000247830 /* Main.storyboard in Resources */ = {isa = PBXBuildFile; fileRef = DD0894E51F17684000247830 /* Main.storyboard */; };
		DD0894E91F17684000247830 /* Assets.xcassets in Resources */ = {isa = PBXBuildFile; fileRef = DD0894E81F17684000247830 /* Assets.xcassets */; };
		DD0894EC1F17684000247830 /* LaunchScreen.storyboard in Resources */ = {isa = PBXBuildFile; fileRef = DD0894EA1F17684000247830 /* LaunchScreen.storyboard */; };
		DD0894F71F17684100247830 /* ___Tests.m in Sources */ = {isa = PBXBuildFile; fileRef = DD0894F61F17684100247830 /* ___Tests.m */; };
		DD0895021F17684100247830 /* ___UITests.m in Sources */ = {isa = PBXBuildFile; fileRef = DD0895011F17684100247830 /* ___UITests.m */; };
/* End PBXBuildFile section */

/* Begin PBXContainerItemProxy section */
		DD0894F31F17684100247830 /* PBXContainerItemProxy */ = {
			isa = PBXContainerItemProxy;
			containerPortal = DD0894D11F17684000247830 /* Project object */;
			proxyType = 1;
			remoteGlobalIDString = DD0894D81F17684000247830;
			remoteInfo = "咻一咻";
		};
		DD0894FE1F17684100247830 /* PBXContainerItemProxy */ = {
			isa = PBXContainerItemProxy;
			containerPortal = DD0894D11F17684000247830 /* Project object */;
			proxyType = 1;
			remoteGlobalIDString = DD0894D81F17684000247830;
			remoteInfo = "咻一咻";
		};
/* End PBXContainerItemProxy section */

/* Begin PBXFileReference section */
		DD0894D91F17684000247830 /* 咻一咻.app */ = {isa = PBXFileReference; explicitFileType = wrapper.application; includeInIndex = 0; path = "咻一咻.app"; sourceTree = BUILT_PRODUCTS_DIR; };
		DD0894DD1F17684000247830 /* main.m */ = {isa = PBXFileReference; lastKnownFileType = sourcecode.c.objc; path = main.m; sourceTree = "<group>"; };
		DD0894DF1F17684000247830 /* AppDelegate.h */ = {isa = PBXFileReference; lastKnownFileType = sourcecode.c.h; path = AppDelegate.h; sourceTree = "<group>"; };
		DD0894E01F17684000247830 /* AppDelegate.m */ = {isa = PBXFileReference; lastKnownFileType = sourcecode.c.objc; path = AppDelegate.m; sourceTree = "<group>"; };
		DD0894E21F17684000247830 /* ViewController.h */ = {isa = PBXFileReference; lastKnownFileType = sourcecode.c.h; path = ViewController.h; sourceTree = "<group>"; };
		DD0894E31F17684000247830 /* ViewController.m */ = {isa = PBXFileReference; lastKnownFileType = sourcecode.c.objc; path = ViewController.m; sourceTree = "<group>"; };
		DD0894E61F17684000247830 /* Base */ = {isa = PBXFileReference; lastKnownFileType = file.storyboard; name = Base; path = Base.lproj/Main.storyboard; sourceTree = "<group>"; };
		DD0894E81F17684000247830 /* Assets.xcassets */ = {isa = PBXFileReference; lastKnownFileType = folder.assetcatalog; path = Assets.xcassets; sourceTree = "<group>"; };
		DD0894EB1F17684000247830 /* Base */ = {isa = PBXFileReference; lastKnownFileType = file.storyboard; name = Base; path = Base.lproj/LaunchScreen.storyboard; sourceTree = "<group>"; };
		DD0894ED1F17684000247830 /* Info.plist */ = {isa = PBXFileReference; lastKnownFileType = text.plist.xml; path = Info.plist; sourceTree = "<group>"; };
		DD0894F21F17684100247830 /* 咻一咻Tests.xctest */ = {isa = PBXFileReference; explicitFileType = wrapper.cfbundle; includeInIndex = 0; path = "咻一咻Tests.xctest"; sourceTree = BUILT_PRODUCTS_DIR; };
		DD0894F61F17684100247830 /* ___Tests.m */ = {isa = PBXFileReference; lastKnownFileType = sourcecode.c.objc; path = "___Tests.m"; sourceTree = "<group>"; };
		DD0894F81F17684100247830 /* Info.plist */ = {isa = PBXFileReference; lastKnownFileType = text.plist.xml; path = Info.plist; sourceTree = "<group>"; };
		DD0894FD1F17684100247830 /* 咻一咻UITests.xctest */ = {isa = PBXFileReference; explicitFileType = wrapper.cfbundle; includeInIndex = 0; path = "咻一咻UITests.xctest"; sourceTree = BUILT_PRODUCTS_DIR; };
		DD0895011F17684100247830 /* ___UITests.m */ = {isa = PBXFileReference; lastKnownFileType = sourcecode.c.objc; path = "___UITests.m"; sourceTree = "<group>"; };
		DD0895031F17684100247830 /* Info.plist */ = {isa = PBXFileReference; lastKnownFileType = text.plist.xml; path = Info.plist; sourceTree = "<group>"; };
/* End PBXFileReference section */

/* Begin PBXFrameworksBuildPhase section */
		DD0894D61F17684000247830 /* Frameworks */ = {
			isa = PBXFrameworksBuildPhase;
			buildActionMask = 2147483647;
			files = (
			);
			runOnlyForDeploymentPostprocessing = 0;
		};
		DD0894EF1F17684100247830 /* Frameworks */ = {
			isa = PBXFrameworksBuildPhase;
			buildActionMask = 2147483647;
			files = (
			);
			runOnlyForDeploymentPostprocessing = 0;
		};
		DD0894FA1F17684100247830 /* Frameworks */ = {
			isa = PBXFrameworksBuildPhase;
			buildActionMask = 2147483647;
			files = (
			);
			runOnlyForDeploymentPostprocessing = 0;
		};
/* End PBXFrameworksBuildPhase section */

/* Begin PBXGroup section */
		DD0894D01F17684000247830 = {
			isa = PBXGroup;
			children = (
				DD0894DB1F17684000247830 /* 咻一咻 */,
				DD0894F51F17684100247830 /* 咻一咻Tests */,
				DD0895001F17684100247830 /* 咻一咻UITests */,
				DD0894DA1F17684000247830 /* Products */,
			);
			sourceTree = "<group>";
		};
		DD0894DA1F17684000247830 /* Products */ = {
			isa = PBXGroup;
			children = (
				DD0894D91F17684000247830 /* 咻一咻.app */,
				DD0894F21F17684100247830 /* 咻一咻Tests.xctest */,
				DD0894FD1F17684100247830 /* 咻一咻UITests.xctest */,
			);
			name = Products;
			sourceTree = "<group>";
		};
		DD0894DB1F17684000247830 /* 咻一咻 */ = {
			isa = PBXGroup;
			children = (
				DD0894DF1F17684000247830 /* AppDelegate.h */,
				DD0894E01F17684000247830 /* AppDelegate.m */,
				DD0894E21F17684000247830 /* ViewController.h */,
				DD0894E31F17684000247830 /* ViewController.m */,
				DD0894E51F17684000247830 /* Main.storyboard */,
				DD0894E81F17684000247830 /* Assets.xcassets */,
				DD0894EA1F17684000247830 /* LaunchScreen.storyboard */,
				DD0894ED1F17684000247830 /* Info.plist */,
				DD0894DC1F17684000247830 /* Supporting Files */,
			);
			path = "咻一咻";
			sourceTree = "<group>";
		};
		DD0894DC1F17684000247830 /* Supporting Files */ = {
			isa = PBXGroup;
			children = (
				DD0894DD1F17684000247830 /* main.m */,
			);
			name = "Supporting Files";
			sourceTree = "<group>";
		};
		DD0894F51F17684100247830 /* 咻一咻Tests */ = {
			isa = PBXGroup;
			children = (
				DD0894F61F17684100247830 /* ___Tests.m */,
				DD0894F81F17684100247830 /* Info.plist */,
			);
			path = "咻一咻Tests";
			sourceTree = "<group>";
		};
		DD0895001F17684100247830 /* 咻一咻UITests */ = {
			isa = PBXGroup;
			children = (
				DD0895011F17684100247830 /* ___UITests.m */,
				DD0895031F17684100247830 /* Info.plist */,
			);
			path = "咻一咻UITests";
			sourceTree = "<group>";
		};
/* End PBXGroup section */

/* Begin PBXNativeTarget section */
		DD0894D81F17684000247830 /* 咻一咻 */ = {
			isa = PBXNativeTarget;
			buildConfigurationList = DD0895061F17684100247830 /* Build configuration list for PBXNativeTarget "咻一咻" */;
			buildPhases = (
				DD0894D51F17684000247830 /* Sources */,
				DD0894D61F17684000247830 /* Frameworks */,
				DD0894D71F17684000247830 /* Resources */,
			);
			buildRules = (
			);
			dependencies = (
			);
			name = "咻一咻";
			productName = "咻一咻";
			productReference = DD0894D91F17684000247830 /* 咻一咻.app */;
			productType = "com.apple.product-type.application";
		};
		DD0894F11F17684100247830 /* 咻一咻Tests */ = {
			isa = PBXNativeTarget;
			buildConfigurationList = DD0895091F17684100247830 /* Build configuration list for PBXNativeTarget "咻一咻Tests" */;
			buildPhases = (
				DD0894EE1F17684100247830 /* Sources */,
				DD0894EF1F17684100247830 /* Frameworks */,
				DD0894F01F17684100247830 /* Resources */,
			);
			buildRules = (
			);
			dependencies = (
				DD0894F41F17684100247830 /* PBXTargetDependency */,
			);
			name = "咻一咻Tests";
			productName = "咻一咻Tests";
			productReference = DD0894F21F17684100247830 /* 咻一咻Tests.xctest */;
			productType = "com.apple.product-type.bundle.unit-test";
		};
		DD0894FC1F17684100247830 /* 咻一咻UITests */ = {
			isa = PBXNativeTarget;
			buildConfigurationList = DD08950C1F17684100247830 /* Build configuration list for PBXNativeTarget "咻一咻UITests" */;
			buildPhases = (
				DD0894F91F17684100247830 /* Sources */,
				DD0894FA1F17684100247830 /* Frameworks */,
				DD0894FB1F17684100247830 /* Resources */,
			);
			buildRules = (
			);
			dependencies = (
				DD0894FF1F17684100247830 /* PBXTargetDependency */,
			);
			name = "咻一咻UITests";
			productName = "咻一咻UITests";
			productReference = DD0894FD1F17684100247830 /* 咻一咻UITests.xctest */;
			productType = "com.apple.product-type.bundle.ui-testing";
		};
/* End PBXNativeTarget section */

/* Begin PBXProject section */
		DD0894D11F17684000247830 /* Project object */ = {
			isa = PBXProject;
			attributes = {
				LastUpgradeCheck = 0810;
				ORGANIZATIONNAME = "苗建浩";
				TargetAttributes = {
					DD0894D81F17684000247830 = {
						CreatedOnToolsVersion = 8.1;
						ProvisioningStyle = Automatic;
					};
					DD0894F11F17684100247830 = {
						CreatedOnToolsVersion = 8.1;
						ProvisioningStyle = Automatic;
						TestTargetID = DD0894D81F17684000247830;
					};
					DD0894FC1F17684100247830 = {
						CreatedOnToolsVersion = 8.1;
						ProvisioningStyle = Automatic;
						TestTargetID = DD0894D81F17684000247830;
					};
				};
			};
			buildConfigurationList = DD0894D41F17684000247830 /* Build configuration list for PBXProject "咻一咻" */;
			compatibilityVersion = "Xcode 3.2";
			developmentRegion = English;
			hasScannedForEncodings = 0;
			knownRegions = (
				en,
				Base,
			);
			mainGroup = DD0894D01F17684000247830;
			productRefGroup = DD0894DA1F17684000247830 /* Products */;
			projectDirPath = "";
			projectRoot = "";
			targets = (
				DD0894D81F17684000247830 /* 咻一咻 */,
				DD0894F11F17684100247830 /* 咻一咻Tests */,
				DD0894FC1F17684100247830 /* 咻一咻UITests */,
			);
		};
/* End PBXProject section */

/* Begin PBXResourcesBuildPhase section */
		DD0894D71F17684000247830 /* Resources */ = {
			isa = PBXResourcesBuildPhase;
			buildActionMask = 2147483647;
			files = (
				DD0894EC1F17684000247830 /* LaunchScreen.storyboard in Resources */,
				DD0894E91F17684000247830 /* Assets.xcassets in Resources */,
				DD0894E71F17684000247830 /* Main.storyboard in Resources */,
			);
			runOnlyForDeploymentPostprocessing = 0;
		};
		DD0894F01F17684100247830 /* Resources */ = {
			isa = PBXResourcesBuildPhase;
			buildActionMask = 2147483647;
			files = (
			);
			runOnlyForDeploymentPostprocessing = 0;
		};
		DD0894FB1F17684100247830 /* Resources */ = {
			isa = PBXResourcesBuildPhase;
			buildActionMask = 2147483647;
			files = (
			);
			runOnlyForDeploymentPostprocessing = 0;
		};
/* End PBXResourcesBuildPhase section */

/* Begin PBXSourcesBuildPhase section */
		DD0894D51F17684000247830 /* Sources */ = {
			isa = PBXSourcesBuildPhase;
			buildActionMask = 2147483647;
			files = (
				DD0894E41F17684000247830 /* ViewController.m in Sources */,
				DD0894E11F17684000247830 /* AppDelegate.m in Sources */,
				DD0894DE1F17684000247830 /* main.m in Sources */,
			);
			runOnlyForDeploymentPostprocessing = 0;
		};
		DD0894EE1F17684100247830 /* Sources */ = {
			isa = PBXSourcesBuildPhase;
			buildActionMask = 2147483647;
			files = (
				DD0894F71F17684100247830 /* ___Tests.m in Sources */,
			);
			runOnlyForDeploymentPostprocessing = 0;
		};
		DD0894F91F17684100247830 /* Sources */ = {
			isa = PBXSourcesBuildPhase;
			buildActionMask = 2147483647;
			files = (
				DD0895021F17684100247830 /* ___UITests.m in Sources */,
			);
			runOnlyForDeploymentPostprocessing = 0;
		};
/* End PBXSourcesBuildPhase section */

/* Begin PBXTargetDependency section */
		DD0894F41F17684100247830 /* PBXTargetDependency */ = {
			isa = PBXTargetDependency;
			target = DD0894D81F17684000247830 /* 咻一咻 */;
			targetProxy = DD0894F31F17684100247830 /* PBXContainerItemProxy */;
		};
		DD0894FF1F17684100247830 /* PBXTargetDependency */ = {
			isa = PBXTargetDependency;
			target = DD0894D81F17684000247830 /* 咻一咻 */;
			targetProxy = DD0894FE1F17684100247830 /* PBXContainerItemProxy */;
		};
/* End PBXTargetDependency section */

/* Begin PBXVariantGroup section */
		DD0894E51F17684000247830 /* Main.storyboard */ = {
			isa = PBXVariantGroup;
			children = (
				DD0894E61F17684000247830 /* Base */,
			);
			name = Main.storyboard;
			sourceTree = "<group>";
		};
		DD0894EA1F17684000247830 /* LaunchScreen.storyboard */ = {
			isa = PBXVariantGroup;
			children = (
				DD0894EB1F17684000247830 /* Base */,
			);
			name = LaunchScreen.storyboard;
			sourceTree = "<group>";
		};
/* End PBXVariantGroup section */

/* Begin XCBuildConfiguration section */
		DD0895041F17684100247830 /* Debug */ = {
			isa = XCBuildConfiguration;
			buildSettings = {
				ALWAYS_SEARCH_USER_PATHS = NO;
				CLANG_ANALYZER_NONNULL = YES;
				CLANG_CXX_LANGUAGE_STANDARD = "gnu++0x";
				CLANG_CXX_LIBRARY = "libc++";
				CLANG_ENABLE_MODULES = YES;
				CLANG_ENABLE_OBJC_ARC = YES;
				CLANG_WARN_BOOL_CONVERSION = YES;
				CLANG_WARN_CONSTANT_CONVERSION = YES;
				CLANG_WARN_DIRECT_OBJC_ISA_USAGE = YES_ERROR;
				CLANG_WARN_DOCUMENTATION_COMMENTS = YES;
				CLANG_WARN_EMPTY_BODY = YES;
				CLANG_WARN_ENUM_CONVERSION = YES;
				CLANG_WARN_INFINITE_RECURSION = YES;
				CLANG_WARN_INT_CONVERSION = YES;
				CLANG_WARN_OBJC_ROOT_CLASS = YES_ERROR;
				CLANG_WARN_SUSPICIOUS_MOVES = YES;
				CLANG_WARN_UNREACHABLE_CODE = YES;
				CLANG_WARN__DUPLICATE_METHOD_MATCH = YES;
				"CODE_SIGN_IDENTITY[sdk=iphoneos*]" = "iPhone Developer";
				COPY_PHASE_STRIP = NO;
				DEBUG_INFORMATION_FORMAT = dwarf;
				ENABLE_STRICT_OBJC_MSGSEND = YES;
				ENABLE_TESTABILITY = YES;
				GCC_C_LANGUAGE_STANDARD = gnu99;
				GCC_DYNAMIC_NO_PIC = NO;
				GCC_NO_COMMON_BLOCKS = YES;
				GCC_OPTIMIZATION_LEVEL = 0;
				GCC_PREPROCESSOR_DEFINITIONS = (
					"DEBUG=1",
					"$(inherited)",
				);
				GCC_WARN_64_TO_32_BIT_CONVERSION = YES;
				GCC_WARN_ABOUT_RETURN_TYPE = YES_ERROR;
				GCC_WARN_UNDECLARED_SELECTOR = YES;
				GCC_WARN_UNINITIALIZED_AUTOS = YES_AGGRESSIVE;
				GCC_WARN_UNUSED_FUNCTION = YES;
				GCC_WARN_UNUSED_VARIABLE = YES;
				IPHONEOS_DEPLOYMENT_TARGET = 10.1;
				MTL_ENABLE_DEBUG_INFO = YES;
				ONLY_ACTIVE_ARCH = YES;
				SDKROOT = iphoneos;
				TARGETED_DEVICE_FAMILY = "1,2";
			};
			name = Debug;
		};
		DD0895051F17684100247830 /* Release */ = {
			isa = XCBuildConfiguration;
			buildSettings = {
				ALWAYS_SEARCH_USER_PATHS = NO;
				CLANG_ANALYZER_NONNULL = YES;
				CLANG_CXX_LANGUAGE_STANDARD = "gnu++0x";
				CLANG_CXX_LIBRARY = "libc++";
				CLANG_ENABLE_MODULES = YES;
				CLANG_ENABLE_OBJC_ARC = YES;
				CLANG_WARN_BOOL_CONVERSION = YES;
				CLANG_WARN_CONSTANT_CONVERSION = YES;
				CLANG_WARN_DIRECT_OBJC_ISA_USAGE = YES_ERROR;
				CLANG_WARN_DOCUMENTATION_COMMENTS = YES;
				CLANG_WARN_EMPTY_BODY = YES;
				CLANG_WARN_ENUM_CONVERSION = YES;
				CLANG_WARN_INFINITE_RECURSION = YES;
				CLANG_WARN_INT_CONVERSION = YES;
				CLANG_WARN_OBJC_ROOT_CLASS = YES_ERROR;
				CLANG_WARN_SUSPICIOUS_MOVES = YES;
				CLANG_WARN_UNREACHABLE_CODE = YES;
				CLANG_WARN__DUPLICATE_METHOD_MATCH = YES;
				"CODE_SIGN_IDENTITY[sdk=iphoneos*]" = "iPhone Developer";
				COPY_PHASE_STRIP = NO;
				DEBUG_INFORMATION_FORMAT = "dwarf-with-dsym";
				ENABLE_NS_ASSERTIONS = NO;
				ENABLE_STRICT_OBJC_MSGSEND = YES;
				GCC_C_LANGUAGE_STANDARD = gnu99;
				GCC_NO_COMMON_BLOCKS = YES;
				GCC_WARN_64_TO_32_BIT_CONVERSION = YES;
				GCC_WARN_ABOUT_RETURN_TYPE = YES_ERROR;
				GCC_WARN_UNDECLARED_SELECTOR = YES;
				GCC_WARN_UNINITIALIZED_AUTOS = YES_AGGRESSIVE;
				GCC_WARN_UNUSED_FUNCTION = YES;
				GCC_WARN_UNUSED_VARIABLE = YES;
				IPHONEOS_DEPLOYMENT_TARGET = 10.1;
				MTL_ENABLE_DEBUG_INFO = NO;
				SDKROOT = iphoneos;
				TARGETED_DEVICE_FAMILY = "1,2";
				VALIDATE_PRODUCT = YES;
			};
			name = Release;
		};
		DD0895071F17684100247830 /* Debug */ = {
			isa = XCBuildConfiguration;
			buildSettings = {
				ASSETCATALOG_COMPILER_APPICON_NAME = AppIcon;
				INFOPLIST_FILE = "咻一咻/Info.plist";
				LD_RUNPATH_SEARCH_PATHS = "$(inherited) @executable_path/Frameworks";
				PRODUCT_BUNDLE_IDENTIFIER = "ganZhi.---";
				PRODUCT_NAME = "$(TARGET_NAME)";
			};
			name = Debug;
		};
		DD0895081F17684100247830 /* Release */ = {
			isa = XCBuildConfiguration;
			buildSettings = {
				ASSETCATALOG_COMPILER_APPICON_NAME = AppIcon;
				INFOPLIST_FILE = "咻一咻/Info.plist";
				LD_RUNPATH_SEARCH_PATHS = "$(inherited) @executable_path/Frameworks";
				PRODUCT_BUNDLE_IDENTIFIER = "ganZhi.---";
				PRODUCT_NAME = "$(TARGET_NAME)";
			};
			name = Release;
		};
		DD08950A1F17684100247830 /* Debug */ = {
			isa = XCBuildConfiguration;
			buildSettings = {
				BUNDLE_LOADER = "$(TEST_HOST)";
				INFOPLIST_FILE = "咻一咻Tests/Info.plist";
				LD_RUNPATH_SEARCH_PATHS = "$(inherited) @executable_path/Frameworks @loader_path/Frameworks";
				PRODUCT_BUNDLE_IDENTIFIER = "ganZhi.---Tests";
				PRODUCT_NAME = "$(TARGET_NAME)";
				TEST_HOST = "$(BUILT_PRODUCTS_DIR)/咻一咻.app/咻一咻";
			};
			name = Debug;
		};
		DD08950B1F17684100247830 /* Release */ = {
			isa = XCBuildConfiguration;
			buildSettings = {
				BUNDLE_LOADER = "$(TEST_HOST)";
				INFOPLIST_FILE = "咻一咻Tests/Info.plist";
				LD_RUNPATH_SEARCH_PATHS = "$(inherited) @executable_path/Frameworks @loader_path/Frameworks";
				PRODUCT_BUNDLE_IDENTIFIER = "ganZhi.---Tests";
				PRODUCT_NAME = "$(TARGET_NAME)";
				TEST_HOST = "$(BUILT_PRODUCTS_DIR)/咻一咻.app/咻一咻";
			};
			name = Release;
		};
		DD08950D1F17684100247830 /* Debug */ = {
			isa = XCBuildConfiguration;
			buildSettings = {
				INFOPLIST_FILE = "咻一咻UITests/Info.plist";
				LD_RUNPATH_SEARCH_PATHS = "$(inherited) @executable_path/Frameworks @loader_path/Frameworks";
				PRODUCT_BUNDLE_IDENTIFIER = "ganZhi.---UITests";
				PRODUCT_NAME = "$(TARGET_NAME)";
				TEST_TARGET_NAME = "咻一咻";
			};
			name = Debug;
		};
		DD08950E1F17684100247830 /* Release */ = {
			isa = XCBuildConfiguration;
			buildSettings = {
				INFOPLIST_FILE = "咻一咻UITests/Info.plist";
				LD_RUNPATH_SEARCH_PATHS = "$(inherited) @executable_path/Frameworks @loader_path/Frameworks";
				PRODUCT_BUNDLE_IDENTIFIER = "ganZhi.---UITests";
				PRODUCT_NAME = "$(TARGET_NAME)";
				TEST_TARGET_NAME = "咻一咻";
			};
			name = Release;
		};
/* End XCBuildConfiguration section */

/* Begin XCConfigurationList section */
		DD0894D41F17684000247830 /* Build configuration list for PBXProject "咻一咻" */ = {
			isa = XCConfigurationList;
			buildConfigurations = (
				DD0895041F17684100247830 /* Debug */,
				DD0895051F17684100247830 /* Release */,
			);
			defaultConfigurationIsVisible = 0;
			defaultConfigurationName = Release;
		};
		DD0895061F17684100247830 /* Build configuration list for PBXNativeTarget "咻一咻" */ = {
			isa = XCConfigurationList;
			buildConfigurations = (
				DD0895071F17684100247830 /* Debug */,
				DD0895081F17684100247830 /* Release */,
			);
			defaultConfigurationIsVisible = 0;
		};
		DD0895091F17684100247830 /* Build configuration list for PBXNativeTarget "咻一咻Tests" */ = {
			isa = XCConfigurationList;
			buildConfigurations = (
				DD08950A1F17684100247830 /* Debug */,
				DD08950B1F17684100247830 /* Release */,
			);
			defaultConfigurationIsVisible = 0;
		};
		DD08950C1F17684100247830 /* Build configuration list for PBXNativeTarget "咻一咻UITests" */ = {
			isa = XCConfigurationList;
			buildConfigurations = (
				DD08950D1F17684100247830 /* Debug */,
				DD08950E1F17684100247830 /* Release */,
			);
			defaultConfigurationIsVisible = 0;
		};
/* End XCConfigurationList section */
	};
	rootObject = DD0894D11F17684000247830 /* Project object */;
}
